// !$*UTF8*$!
{
	archiveVersion = 1;
	classes = {
	};
	objectVersion = 46;
	objects = {

/* Begin PBXBuildFile section */
		131F9F63147E999B00747567 /* JWSlideMenuViewController.h in Headers */ = {isa = PBXBuildFile; fileRef = 131F9F61147E999B00747567 /* JWSlideMenuViewController.h */; };
		131F9F64147E999B00747567 /* JWSlideMenuViewController.m in Sources */ = {isa = PBXBuildFile; fileRef = 131F9F62147E999B00747567 /* JWSlideMenuViewController.m */; };
		131F9F65147E999B00747567 /* JWSlideMenuViewController.m in Sources */ = {isa = PBXBuildFile; fileRef = 131F9F62147E999B00747567 /* JWSlideMenuViewController.m */; };
		131F9F66147E999B00747567 /* JWSlideMenuViewController.m in Sources */ = {isa = PBXBuildFile; fileRef = 131F9F62147E999B00747567 /* JWSlideMenuViewController.m */; };
		135C46DA147B713F00A879DE /* JWNavigationController.m in Sources */ = {isa = PBXBuildFile; fileRef = 135C46D9147B713F00A879DE /* JWNavigationController.m */; };
		135C46DC147B72D900A879DE /* JWNavigationController.m in Sources */ = {isa = PBXBuildFile; fileRef = 135C46D9147B713F00A879DE /* JWNavigationController.m */; };
		135C46DD147B72DA00A879DE /* JWNavigationController.m in Sources */ = {isa = PBXBuildFile; fileRef = 135C46D9147B713F00A879DE /* JWNavigationController.m */; };
		13E48BAB148359D500BA6018 /* FirstHDViewController.m in Sources */ = {isa = PBXBuildFile; fileRef = 13E48BA9148359D500BA6018 /* FirstHDViewController.m */; };
		13E48BAC148359D500BA6018 /* FirstHDViewController.xib in Resources */ = {isa = PBXBuildFile; fileRef = 13E48BAA148359D500BA6018 /* FirstHDViewController.xib */; };
		13EBC5E91472139A000B74D1 /* UIKit.framework in Frameworks */ = {isa = PBXBuildFile; fileRef = 13EBC5E81472139A000B74D1 /* UIKit.framework */; };
		13EBC5EB1472139A000B74D1 /* Foundation.framework in Frameworks */ = {isa = PBXBuildFile; fileRef = 13EBC5EA1472139A000B74D1 /* Foundation.framework */; };
		13EBC5ED1472139A000B74D1 /* CoreGraphics.framework in Frameworks */ = {isa = PBXBuildFile; fileRef = 13EBC5EC1472139A000B74D1 /* CoreGraphics.framework */; };
		13EBC5F31472139A000B74D1 /* InfoPlist.strings in Resources */ = {isa = PBXBuildFile; fileRef = 13EBC5F11472139A000B74D1 /* InfoPlist.strings */; };
		13EBC5F51472139A000B74D1 /* main.m in Sources */ = {isa = PBXBuildFile; fileRef = 13EBC5F41472139A000B74D1 /* main.m */; };
		13EBC5F91472139A000B74D1 /* JWAppDelegate.m in Sources */ = {isa = PBXBuildFile; fileRef = 13EBC5F81472139A000B74D1 /* JWAppDelegate.m */; };
		13EBC60614721446000B74D1 /* JWSlideMenuController.m in Sources */ = {isa = PBXBuildFile; fileRef = 13EBC60414721446000B74D1 /* JWSlideMenuController.m */; };
		13EBC60D14722A37000B74D1 /* menu_icon_20x20.png in Resources */ = {isa = PBXBuildFile; fileRef = 13EBC60C14722A37000B74D1 /* menu_icon_20x20.png */; };
		13EBC61C14724C32000B74D1 /* FirstViewController.m in Sources */ = {isa = PBXBuildFile; fileRef = 13EBC61A14724C31000B74D1 /* FirstViewController.m */; };
		13EBC61D14724C32000B74D1 /* FirstViewController.xib in Resources */ = {isa = PBXBuildFile; fileRef = 13EBC61B14724C32000B74D1 /* FirstViewController.xib */; };
		13EBC62114724C46000B74D1 /* SecondViewController.m in Sources */ = {isa = PBXBuildFile; fileRef = 13EBC61F14724C46000B74D1 /* SecondViewController.m */; };
		13EBC62214724C46000B74D1 /* SecondViewController.xib in Resources */ = {isa = PBXBuildFile; fileRef = 13EBC62014724C46000B74D1 /* SecondViewController.xib */; };
		13EBC6261472F6DF000B74D1 /* ThirdViewController.m in Sources */ = {isa = PBXBuildFile; fileRef = 13EBC6251472F6DF000B74D1 /* ThirdViewController.m */; };
		13EBC62D14730133000B74D1 /* UIKit.framework in Frameworks */ = {isa = PBXBuildFile; fileRef = 13EBC5E81472139A000B74D1 /* UIKit.framework */; };
		13EBC62E14730133000B74D1 /* Foundation.framework in Frameworks */ = {isa = PBXBuildFile; fileRef = 13EBC5EA1472139A000B74D1 /* Foundation.framework */; };
		13EBC62F14730133000B74D1 /* CoreGraphics.framework in Frameworks */ = {isa = PBXBuildFile; fileRef = 13EBC5EC1472139A000B74D1 /* CoreGraphics.framework */; };
		13EBC63514730134000B74D1 /* InfoPlist.strings in Resources */ = {isa = PBXBuildFile; fileRef = 13EBC63314730134000B74D1 /* InfoPlist.strings */; };
		13EBC63714730134000B74D1 /* main.m in Sources */ = {isa = PBXBuildFile; fileRef = 13EBC63614730134000B74D1 /* main.m */; };
		13EBC63B14730134000B74D1 /* JWAppDelegate.m in Sources */ = {isa = PBXBuildFile; fileRef = 13EBC63A14730134000B74D1 /* JWAppDelegate.m */; };
		13EBC63F147301AE000B74D1 /* JWSlideMenuController.m in Sources */ = {isa = PBXBuildFile; fileRef = 13EBC60414721446000B74D1 /* JWSlideMenuController.m */; };
		13EBC64014730225000B74D1 /* menu_icon_20x20.png in Resources */ = {isa = PBXBuildFile; fileRef = 13EBC60C14722A37000B74D1 /* menu_icon_20x20.png */; };
		13EBC64614732733000B74D1 /* Foundation.framework in Frameworks */ = {isa = PBXBuildFile; fileRef = 13EBC5EA1472139A000B74D1 /* Foundation.framework */; };
		13EBC65014732746000B74D1 /* JWSlideMenuController.h in Headers */ = {isa = PBXBuildFile; fileRef = 13EBC60314721446000B74D1 /* JWSlideMenuController.h */; settings = {ATTRIBUTES = (Public, ); }; };
		13EBC65114732751000B74D1 /* JWSlideMenuController.m in Sources */ = {isa = PBXBuildFile; fileRef = 13EBC60414721446000B74D1 /* JWSlideMenuController.m */; };
		13EBC6531473279F000B74D1 /* menu_icon_20x20.png in Resources */ = {isa = PBXBuildFile; fileRef = 13EBC60C14722A37000B74D1 /* menu_icon_20x20.png */; };
/* End PBXBuildFile section */

/* Begin PBXFileReference section */
		131F9F61147E999B00747567 /* JWSlideMenuViewController.h */ = {isa = PBXFileReference; fileEncoding = 4; lastKnownFileType = sourcecode.c.h; name = JWSlideMenuViewController.h; path = JWSlideMenu/JWSlideMenuViewController.h; sourceTree = "<group>"; };
		131F9F62147E999B00747567 /* JWSlideMenuViewController.m */ = {isa = PBXFileReference; fileEncoding = 4; lastKnownFileType = sourcecode.c.objc; name = JWSlideMenuViewController.m; path = JWSlideMenu/JWSlideMenuViewController.m; sourceTree = "<group>"; };
		135C46D8147B713F00A879DE /* JWNavigationController.h */ = {isa = PBXFileReference; fileEncoding = 4; lastKnownFileType = sourcecode.c.h; name = JWNavigationController.h; path = JWSlideMenu/JWNavigationController.h; sourceTree = "<group>"; };
		135C46D9147B713F00A879DE /* JWNavigationController.m */ = {isa = PBXFileReference; fileEncoding = 4; lastKnownFileType = sourcecode.c.objc; name = JWNavigationController.m; path = JWSlideMenu/JWNavigationController.m; sourceTree = "<group>"; };
		13E48BA8148359D500BA6018 /* FirstHDViewController.h */ = {isa = PBXFileReference; fileEncoding = 4; lastKnownFileType = sourcecode.c.h; path = FirstHDViewController.h; sourceTree = "<group>"; };
		13E48BA9148359D500BA6018 /* FirstHDViewController.m */ = {isa = PBXFileReference; fileEncoding = 4; lastKnownFileType = sourcecode.c.objc; path = FirstHDViewController.m; sourceTree = "<group>"; };
		13E48BAA148359D500BA6018 /* FirstHDViewController.xib */ = {isa = PBXFileReference; fileEncoding = 4; lastKnownFileType = file.xib; path = FirstHDViewController.xib; sourceTree = "<group>"; };
		13E48BAD14835C1700BA6018 /* README.md */ = {isa = PBXFileReference; lastKnownFileType = text; path = README.md; sourceTree = "<group>"; };
		13EBC5E41472139A000B74D1 /* JWSlideMenu.app */ = {isa = PBXFileReference; explicitFileType = wrapper.application; includeInIndex = 0; path = JWSlideMenu.app; sourceTree = BUILT_PRODUCTS_DIR; };
		13EBC5E81472139A000B74D1 /* UIKit.framework */ = {isa = PBXFileReference; lastKnownFileType = wrapper.framework; name = UIKit.framework; path = System/Library/Frameworks/UIKit.framework; sourceTree = SDKROOT; };
		13EBC5EA1472139A000B74D1 /* Foundation.framework */ = {isa = PBXFileReference; lastKnownFileType = wrapper.framework; name = Foundation.framework; path = System/Library/Frameworks/Foundation.framework; sourceTree = SDKROOT; };
		13EBC5EC1472139A000B74D1 /* CoreGraphics.framework */ = {isa = PBXFileReference; lastKnownFileType = wrapper.framework; name = CoreGraphics.framework; path = System/Library/Frameworks/CoreGraphics.framework; sourceTree = SDKROOT; };
		13EBC5F01472139A000B74D1 /* JWSlideMenu-Info.plist */ = {isa = PBXFileReference; lastKnownFileType = text.plist.xml; path = "JWSlideMenu-Info.plist"; sourceTree = "<group>"; };
		13EBC5F21472139A000B74D1 /* en */ = {isa = PBXFileReference; lastKnownFileType = text.plist.strings; name = en; path = en.lproj/InfoPlist.strings; sourceTree = "<group>"; };
		13EBC5F41472139A000B74D1 /* main.m */ = {isa = PBXFileReference; lastKnownFileType = sourcecode.c.objc; path = main.m; sourceTree = "<group>"; };
		13EBC5F61472139A000B74D1 /* JWSlideMenu-Prefix.pch */ = {isa = PBXFileReference; lastKnownFileType = sourcecode.c.h; path = "JWSlideMenu-Prefix.pch"; sourceTree = "<group>"; };
		13EBC5F71472139A000B74D1 /* JWAppDelegate.h */ = {isa = PBXFileReference; lastKnownFileType = sourcecode.c.h; path = JWAppDelegate.h; sourceTree = "<group>"; };
		13EBC5F81472139A000B74D1 /* JWAppDelegate.m */ = {isa = PBXFileReference; lastKnownFileType = sourcecode.c.objc; path = JWAppDelegate.m; sourceTree = "<group>"; };
		13EBC60314721446000B74D1 /* JWSlideMenuController.h */ = {isa = PBXFileReference; fileEncoding = 4; lastKnownFileType = sourcecode.c.h; name = JWSlideMenuController.h; path = JWSlideMenu/JWSlideMenuController.h; sourceTree = "<group>"; };
		13EBC60414721446000B74D1 /* JWSlideMenuController.m */ = {isa = PBXFileReference; fileEncoding = 4; lastKnownFileType = sourcecode.c.objc; name = JWSlideMenuController.m; path = JWSlideMenu/JWSlideMenuController.m; sourceTree = "<group>"; };
		13EBC60C14722A37000B74D1 /* menu_icon_20x20.png */ = {isa = PBXFileReference; lastKnownFileType = image.png; path = menu_icon_20x20.png; sourceTree = "<group>"; };
		13EBC61914724C31000B74D1 /* FirstViewController.h */ = {isa = PBXFileReference; fileEncoding = 4; lastKnownFileType = sourcecode.c.h; path = FirstViewController.h; sourceTree = "<group>"; };
		13EBC61A14724C31000B74D1 /* FirstViewController.m */ = {isa = PBXFileReference; fileEncoding = 4; lastKnownFileType = sourcecode.c.objc; path = FirstViewController.m; sourceTree = "<group>"; };
		13EBC61B14724C32000B74D1 /* FirstViewController.xib */ = {isa = PBXFileReference; fileEncoding = 4; lastKnownFileType = file.xib; path = FirstViewController.xib; sourceTree = "<group>"; };
		13EBC61E14724C46000B74D1 /* SecondViewController.h */ = {isa = PBXFileReference; fileEncoding = 4; lastKnownFileType = sourcecode.c.h; path = SecondViewController.h; sourceTree = "<group>"; };
		13EBC61F14724C46000B74D1 /* SecondViewController.m */ = {isa = PBXFileReference; fileEncoding = 4; lastKnownFileType = sourcecode.c.objc; path = SecondViewController.m; sourceTree = "<group>"; };
		13EBC62014724C46000B74D1 /* SecondViewController.xib */ = {isa = PBXFileReference; fileEncoding = 4; lastKnownFileType = file.xib; path = SecondViewController.xib; sourceTree = "<group>"; };
		13EBC6241472F6DF000B74D1 /* ThirdViewController.h */ = {isa = PBXFileReference; fileEncoding = 4; lastKnownFileType = sourcecode.c.h; path = ThirdViewController.h; sourceTree = "<group>"; };
		13EBC6251472F6DF000B74D1 /* ThirdViewController.m */ = {isa = PBXFileReference; fileEncoding = 4; lastKnownFileType = sourcecode.c.objc; path = ThirdViewController.m; sourceTree = "<group>"; };
		13EBC62B14730133000B74D1 /* JWSlideMenuHD.app */ = {isa = PBXFileReference; explicitFileType = wrapper.application; includeInIndex = 0; path = JWSlideMenuHD.app; sourceTree = BUILT_PRODUCTS_DIR; };
		13EBC63214730134000B74D1 /* JWSlideMenuHD-Info.plist */ = {isa = PBXFileReference; lastKnownFileType = text.plist.xml; path = "JWSlideMenuHD-Info.plist"; sourceTree = "<group>"; };
		13EBC63414730134000B74D1 /* en */ = {isa = PBXFileReference; lastKnownFileType = text.plist.strings; name = en; path = en.lproj/InfoPlist.strings; sourceTree = "<group>"; };
		13EBC63614730134000B74D1 /* main.m */ = {isa = PBXFileReference; lastKnownFileType = sourcecode.c.objc; path = main.m; sourceTree = "<group>"; };
		13EBC63814730134000B74D1 /* JWSlideMenuHD-Prefix.pch */ = {isa = PBXFileReference; lastKnownFileType = sourcecode.c.h; path = "JWSlideMenuHD-Prefix.pch"; sourceTree = "<group>"; };
		13EBC63914730134000B74D1 /* JWAppDelegate.h */ = {isa = PBXFileReference; lastKnownFileType = sourcecode.c.h; path = JWAppDelegate.h; sourceTree = "<group>"; };
		13EBC63A14730134000B74D1 /* JWAppDelegate.m */ = {isa = PBXFileReference; lastKnownFileType = sourcecode.c.objc; path = JWAppDelegate.m; sourceTree = "<group>"; };
		13EBC64514732733000B74D1 /* libJWSlideMenuLib.a */ = {isa = PBXFileReference; explicitFileType = archive.ar; includeInIndex = 0; path = libJWSlideMenuLib.a; sourceTree = BUILT_PRODUCTS_DIR; };
		13EBC64914732734000B74D1 /* JWSlideMenuLib-Prefix.pch */ = {isa = PBXFileReference; lastKnownFileType = sourcecode.c.h; path = "JWSlideMenuLib-Prefix.pch"; sourceTree = "<group>"; };
/* End PBXFileReference section */

/* Begin PBXFrameworksBuildPhase section */
		13EBC5E11472139A000B74D1 /* Frameworks */ = {
			isa = PBXFrameworksBuildPhase;
			buildActionMask = 2147483647;
			files = (
				13EBC5E91472139A000B74D1 /* UIKit.framework in Frameworks */,
				13EBC5EB1472139A000B74D1 /* Foundation.framework in Frameworks */,
				13EBC5ED1472139A000B74D1 /* CoreGraphics.framework in Frameworks */,
			);
			runOnlyForDeploymentPostprocessing = 0;
		};
		13EBC62814730133000B74D1 /* Frameworks */ = {
			isa = PBXFrameworksBuildPhase;
			buildActionMask = 2147483647;
			files = (
				13EBC62D14730133000B74D1 /* UIKit.framework in Frameworks */,
				13EBC62E14730133000B74D1 /* Foundation.framework in Frameworks */,
				13EBC62F14730133000B74D1 /* CoreGraphics.framework in Frameworks */,
			);
			runOnlyForDeploymentPostprocessing = 0;
		};
		13EBC64214732733000B74D1 /* Frameworks */ = {
			isa = PBXFrameworksBuildPhase;
			buildActionMask = 2147483647;
			files = (
				13EBC64614732733000B74D1 /* Foundation.framework in Frameworks */,
			);
			runOnlyForDeploymentPostprocessing = 0;
		};
/* End PBXFrameworksBuildPhase section */

/* Begin PBXGroup section */
		135C46CF147A184F00A879DE /* JWSlideMenuController */ = {
			isa = PBXGroup;
			children = (
				13EBC609147229A9000B74D1 /* Images */,
				13EBC60314721446000B74D1 /* JWSlideMenuController.h */,
				13EBC60414721446000B74D1 /* JWSlideMenuController.m */,
				135C46D8147B713F00A879DE /* JWNavigationController.h */,
				135C46D9147B713F00A879DE /* JWNavigationController.m */,
				131F9F61147E999B00747567 /* JWSlideMenuViewController.h */,
				131F9F62147E999B00747567 /* JWSlideMenuViewController.m */,
			);
			name = JWSlideMenuController;
			sourceTree = "<group>";
		};
		13EBC5D91472139A000B74D1 = {
			isa = PBXGroup;
			children = (
				13E48BAD14835C1700BA6018 /* README.md */,
				135C46CF147A184F00A879DE /* JWSlideMenuController */,
				13EBC5EE1472139A000B74D1 /* JWSlideMenu */,
				13EBC63014730134000B74D1 /* JWSlideMenuHD */,
				13EBC64714732733000B74D1 /* JWSlideMenuLib */,
				13EBC5E71472139A000B74D1 /* Frameworks */,
				13EBC5E51472139A000B74D1 /* Products */,
			);
			sourceTree = "<group>";
		};
		13EBC5E51472139A000B74D1 /* Products */ = {
			isa = PBXGroup;
			children = (
				13EBC5E41472139A000B74D1 /* JWSlideMenu.app */,
				13EBC62B14730133000B74D1 /* JWSlideMenuHD.app */,
				13EBC64514732733000B74D1 /* libJWSlideMenuLib.a */,
			);
			name = Products;
			sourceTree = "<group>";
		};
		13EBC5E71472139A000B74D1 /* Frameworks */ = {
			isa = PBXGroup;
			children = (
				13EBC5E81472139A000B74D1 /* UIKit.framework */,
				13EBC5EA1472139A000B74D1 /* Foundation.framework */,
				13EBC5EC1472139A000B74D1 /* CoreGraphics.framework */,
			);
			name = Frameworks;
			sourceTree = "<group>";
		};
		13EBC5EE1472139A000B74D1 /* JWSlideMenu */ = {
			isa = PBXGroup;
			children = (
				13EBC61914724C31000B74D1 /* FirstViewController.h */,
				13EBC61A14724C31000B74D1 /* FirstViewController.m */,
				13EBC61B14724C32000B74D1 /* FirstViewController.xib */,
				13EBC61E14724C46000B74D1 /* SecondViewController.h */,
				13EBC61F14724C46000B74D1 /* SecondViewController.m */,
				13EBC62014724C46000B74D1 /* SecondViewController.xib */,
				13EBC6241472F6DF000B74D1 /* ThirdViewController.h */,
				13EBC6251472F6DF000B74D1 /* ThirdViewController.m */,
				13EBC5F71472139A000B74D1 /* JWAppDelegate.h */,
				13EBC5F81472139A000B74D1 /* JWAppDelegate.m */,
				13EBC5EF1472139A000B74D1 /* Supporting Files */,
			);
			path = JWSlideMenu;
			sourceTree = "<group>";
		};
		13EBC5EF1472139A000B74D1 /* Supporting Files */ = {
			isa = PBXGroup;
			children = (
				13EBC5F01472139A000B74D1 /* JWSlideMenu-Info.plist */,
				13EBC5F11472139A000B74D1 /* InfoPlist.strings */,
				13EBC5F41472139A000B74D1 /* main.m */,
				13EBC5F61472139A000B74D1 /* JWSlideMenu-Prefix.pch */,
			);
			name = "Supporting Files";
			sourceTree = "<group>";
		};
		13EBC609147229A9000B74D1 /* Images */ = {
			isa = PBXGroup;
			children = (
				13EBC60C14722A37000B74D1 /* menu_icon_20x20.png */,
			);
			name = Images;
			sourceTree = "<group>";
		};
		13EBC63014730134000B74D1 /* JWSlideMenuHD */ = {
			isa = PBXGroup;
			children = (
				13EBC63914730134000B74D1 /* JWAppDelegate.h */,
				13EBC63A14730134000B74D1 /* JWAppDelegate.m */,
				13EBC63114730134000B74D1 /* Supporting Files */,
				13E48BA8148359D500BA6018 /* FirstHDViewController.h */,
				13E48BA9148359D500BA6018 /* FirstHDViewController.m */,
				13E48BAA148359D500BA6018 /* FirstHDViewController.xib */,
			);
			path = JWSlideMenuHD;
			sourceTree = "<group>";
		};
		13EBC63114730134000B74D1 /* Supporting Files */ = {
			isa = PBXGroup;
			children = (
				13EBC63214730134000B74D1 /* JWSlideMenuHD-Info.plist */,
				13EBC63314730134000B74D1 /* InfoPlist.strings */,
				13EBC63614730134000B74D1 /* main.m */,
				13EBC63814730134000B74D1 /* JWSlideMenuHD-Prefix.pch */,
			);
			name = "Supporting Files";
			sourceTree = "<group>";
		};
		13EBC64714732733000B74D1 /* JWSlideMenuLib */ = {
			isa = PBXGroup;
			children = (
				13EBC64814732734000B74D1 /* Supporting Files */,
			);
			path = JWSlideMenuLib;
			sourceTree = "<group>";
		};
		13EBC64814732734000B74D1 /* Supporting Files */ = {
			isa = PBXGroup;
			children = (
				13EBC64914732734000B74D1 /* JWSlideMenuLib-Prefix.pch */,
			);
			name = "Supporting Files";
			sourceTree = "<group>";
		};
/* End PBXGroup section */

/* Begin PBXHeadersBuildPhase section */
		13EBC64314732733000B74D1 /* Headers */ = {
			isa = PBXHeadersBuildPhase;
			buildActionMask = 2147483647;
			files = (
				13EBC65014732746000B74D1 /* JWSlideMenuController.h in Headers */,
				131F9F63147E999B00747567 /* JWSlideMenuViewController.h in Headers */,
			);
			runOnlyForDeploymentPostprocessing = 0;
		};
/* End PBXHeadersBuildPhase section */

/* Begin PBXNativeTarget section */
		13EBC5E31472139A000B74D1 /* JWSlideMenu */ = {
			isa = PBXNativeTarget;
			buildConfigurationList = 13EBC5FC1472139A000B74D1 /* Build configuration list for PBXNativeTarget "JWSlideMenu" */;
			buildPhases = (
				13EBC5E01472139A000B74D1 /* Sources */,
				13EBC5E11472139A000B74D1 /* Frameworks */,
				13EBC5E21472139A000B74D1 /* Resources */,
			);
			buildRules = (
			);
			dependencies = (
			);
			name = JWSlideMenu;
			productName = JWSlideMenu;
			productReference = 13EBC5E41472139A000B74D1 /* JWSlideMenu.app */;
			productType = "com.apple.product-type.application";
		};
		13EBC62A14730133000B74D1 /* JWSlideMenuHD */ = {
			isa = PBXNativeTarget;
			buildConfigurationList = 13EBC63C14730134000B74D1 /* Build configuration list for PBXNativeTarget "JWSlideMenuHD" */;
			buildPhases = (
				13EBC62714730133000B74D1 /* Sources */,
				13EBC62814730133000B74D1 /* Frameworks */,
				13EBC62914730133000B74D1 /* Resources */,
			);
			buildRules = (
			);
			dependencies = (
			);
			name = JWSlideMenuHD;
			productName = JWSlideMenuHD;
			productReference = 13EBC62B14730133000B74D1 /* JWSlideMenuHD.app */;
			productType = "com.apple.product-type.application";
		};
		13EBC64414732733000B74D1 /* JWSlideMenuLib */ = {
			isa = PBXNativeTarget;
			buildConfigurationList = 13EBC64D14732734000B74D1 /* Build configuration list for PBXNativeTarget "JWSlideMenuLib" */;
			buildPhases = (
				13EBC64114732733000B74D1 /* Sources */,
				13EBC64214732733000B74D1 /* Frameworks */,
				13EBC64314732733000B74D1 /* Headers */,
				13EBC6521473279A000B74D1 /* Resources */,
			);
			buildRules = (
			);
			dependencies = (
			);
			name = JWSlideMenuLib;
			productName = JWSlideMenuLib;
			productReference = 13EBC64514732733000B74D1 /* libJWSlideMenuLib.a */;
			productType = "com.apple.product-type.library.static";
		};
/* End PBXNativeTarget section */

/* Begin PBXProject section */
		13EBC5DB1472139A000B74D1 /* Project object */ = {
			isa = PBXProject;
			attributes = {
				LastUpgradeCheck = 0420;
				ORGANIZATIONNAME = "Jeremie Weldin";
			};
			buildConfigurationList = 13EBC5DE1472139A000B74D1 /* Build configuration list for PBXProject "JWSlideMenu" */;
			compatibilityVersion = "Xcode 3.2";
			developmentRegion = English;
			hasScannedForEncodings = 0;
			knownRegions = (
				en,
			);
			mainGroup = 13EBC5D91472139A000B74D1;
			productRefGroup = 13EBC5E51472139A000B74D1 /* Products */;
			projectDirPath = "";
			projectRoot = "";
			targets = (
				13EBC5E31472139A000B74D1 /* JWSlideMenu */,
				13EBC62A14730133000B74D1 /* JWSlideMenuHD */,
				13EBC64414732733000B74D1 /* JWSlideMenuLib */,
			);
		};
/* End PBXProject section */

/* Begin PBXResourcesBuildPhase section */
		13EBC5E21472139A000B74D1 /* Resources */ = {
			isa = PBXResourcesBuildPhase;
			buildActionMask = 2147483647;
			files = (
				13EBC5F31472139A000B74D1 /* InfoPlist.strings in Resources */,
				13EBC60D14722A37000B74D1 /* menu_icon_20x20.png in Resources */,
				13EBC61D14724C32000B74D1 /* FirstViewController.xib in Resources */,
				13EBC62214724C46000B74D1 /* SecondViewController.xib in Resources */,
			);
			runOnlyForDeploymentPostprocessing = 0;
		};
		13EBC62914730133000B74D1 /* Resources */ = {
			isa = PBXResourcesBuildPhase;
			buildActionMask = 2147483647;
			files = (
				13EBC63514730134000B74D1 /* InfoPlist.strings in Resources */,
				13EBC64014730225000B74D1 /* menu_icon_20x20.png in Resources */,
				13E48BAC148359D500BA6018 /* FirstHDViewController.xib in Resources */,
			);
			runOnlyForDeploymentPostprocessing = 0;
		};
		13EBC6521473279A000B74D1 /* Resources */ = {
			isa = PBXResourcesBuildPhase;
			buildActionMask = 2147483647;
			files = (
				13EBC6531473279F000B74D1 /* menu_icon_20x20.png in Resources */,
			);
			runOnlyForDeploymentPostprocessing = 0;
		};
/* End PBXResourcesBuildPhase section */

/* Begin PBXSourcesBuildPhase section */
		13EBC5E01472139A000B74D1 /* Sources */ = {
			isa = PBXSourcesBuildPhase;
			buildActionMask = 2147483647;
			files = (
				13EBC5F51472139A000B74D1 /* main.m in Sources */,
				13EBC5F91472139A000B74D1 /* JWAppDelegate.m in Sources */,
				13EBC60614721446000B74D1 /* JWSlideMenuController.m in Sources */,
				13EBC61C14724C32000B74D1 /* FirstViewController.m in Sources */,
				13EBC62114724C46000B74D1 /* SecondViewController.m in Sources */,
				13EBC6261472F6DF000B74D1 /* ThirdViewController.m in Sources */,
				135C46DA147B713F00A879DE /* JWNavigationController.m in Sources */,
				131F9F64147E999B00747567 /* JWSlideMenuViewController.m in Sources */,
			);
			runOnlyForDeploymentPostprocessing = 0;
		};
		13EBC62714730133000B74D1 /* Sources */ = {
			isa = PBXSourcesBuildPhase;
			buildActionMask = 2147483647;
			files = (
				13EBC63714730134000B74D1 /* main.m in Sources */,
				13EBC63B14730134000B74D1 /* JWAppDelegate.m in Sources */,
				13EBC63F147301AE000B74D1 /* JWSlideMenuController.m in Sources */,
				135C46DC147B72D900A879DE /* JWNavigationController.m in Sources */,
				131F9F65147E999B00747567 /* JWSlideMenuViewController.m in Sources */,
				13E48BAB148359D500BA6018 /* FirstHDViewController.m in Sources */,
			);
			runOnlyForDeploymentPostprocessing = 0;
		};
		13EBC64114732733000B74D1 /* Sources */ = {
			isa = PBXSourcesBuildPhase;
			buildActionMask = 2147483647;
			files = (
				13EBC65114732751000B74D1 /* JWSlideMenuController.m in Sources */,
				135C46DD147B72DA00A879DE /* JWNavigationController.m in Sources */,
				131F9F66147E999B00747567 /* JWSlideMenuViewController.m in Sources */,
			);
			runOnlyForDeploymentPostprocessing = 0;
		};
/* End PBXSourcesBuildPhase section */

/* Begin PBXVariantGroup section */
		13EBC5F11472139A000B74D1 /* InfoPlist.strings */ = {
			isa = PBXVariantGroup;
			children = (
				13EBC5F21472139A000B74D1 /* en */,
			);
			name = InfoPlist.strings;
			sourceTree = "<group>";
		};
		13EBC63314730134000B74D1 /* InfoPlist.strings */ = {
			isa = PBXVariantGroup;
			children = (
				13EBC63414730134000B74D1 /* en */,
			);
			name = InfoPlist.strings;
			sourceTree = "<group>";
		};
/* End PBXVariantGroup section */

/* Begin XCBuildConfiguration section */
		13EBC5FA1472139A000B74D1 /* Debug */ = {
			isa = XCBuildConfiguration;
			buildSettings = {
				ALWAYS_SEARCH_USER_PATHS = NO;
				ARCHS = "$(ARCHS_STANDARD_32_BIT)";
				"CODE_SIGN_IDENTITY[sdk=iphoneos*]" = "iPhone Developer";
				COPY_PHASE_STRIP = NO;
				GCC_C_LANGUAGE_STANDARD = gnu99;
				GCC_DYNAMIC_NO_PIC = NO;
				GCC_OPTIMIZATION_LEVEL = 0;
				GCC_PREPROCESSOR_DEFINITIONS = (
					"DEBUG=1",
					"$(inherited)",
				);
				GCC_SYMBOLS_PRIVATE_EXTERN = NO;
				GCC_VERSION = com.apple.compilers.llvm.clang.1_0;
				GCC_WARN_ABOUT_MISSING_PROTOTYPES = YES;
				GCC_WARN_ABOUT_RETURN_TYPE = YES;
				GCC_WARN_UNUSED_VARIABLE = YES;
				IPHONEOS_DEPLOYMENT_TARGET = 5.0;
				SDKROOT = iphoneos;
			};
			name = Debug;
		};
		13EBC5FB1472139A000B74D1 /* Release */ = {
			isa = XCBuildConfiguration;
			buildSettings = {
				ALWAYS_SEARCH_USER_PATHS = NO;
				ARCHS = "$(ARCHS_STANDARD_32_BIT)";
				"CODE_SIGN_IDENTITY[sdk=iphoneos*]" = "iPhone Developer";
				COPY_PHASE_STRIP = YES;
				GCC_C_LANGUAGE_STANDARD = gnu99;
				GCC_VERSION = com.apple.compilers.llvm.clang.1_0;
				GCC_WARN_ABOUT_MISSING_PROTOTYPES = YES;
				GCC_WARN_ABOUT_RETURN_TYPE = YES;
				GCC_WARN_UNUSED_VARIABLE = YES;
				IPHONEOS_DEPLOYMENT_TARGET = 5.0;
				OTHER_CFLAGS = "-DNS_BLOCK_ASSERTIONS=1";
				SDKROOT = iphoneos;
				VALIDATE_PRODUCT = YES;
			};
			name = Release;
		};
		13EBC5FD1472139A000B74D1 /* Debug */ = {
			isa = XCBuildConfiguration;
			buildSettings = {
				GCC_PRECOMPILE_PREFIX_HEADER = YES;
				GCC_PREFIX_HEADER = "JWSlideMenu/JWSlideMenu-Prefix.pch";
				INFOPLIST_FILE = "JWSlideMenu/JWSlideMenu-Info.plist";
				PRODUCT_NAME = "$(TARGET_NAME)";
				WRAPPER_EXTENSION = app;
			};
			name = Debug;
		};
		13EBC5FE1472139A000B74D1 /* Release */ = {
			isa = XCBuildConfiguration;
			buildSettings = {
				GCC_PRECOMPILE_PREFIX_HEADER = YES;
				GCC_PREFIX_HEADER = "JWSlideMenu/JWSlideMenu-Prefix.pch";
				INFOPLIST_FILE = "JWSlideMenu/JWSlideMenu-Info.plist";
				PRODUCT_NAME = "$(TARGET_NAME)";
				WRAPPER_EXTENSION = app;
			};
			name = Release;
		};
		13EBC63D14730134000B74D1 /* Debug */ = {
			isa = XCBuildConfiguration;
			buildSettings = {
				"CODE_SIGN_IDENTITY[sdk=iphoneos*]" = "iPhone Developer";
				GCC_PRECOMPILE_PREFIX_HEADER = YES;
				GCC_PREFIX_HEADER = "JWSlideMenuHD/JWSlideMenuHD-Prefix.pch";
				INFOPLIST_FILE = "JWSlideMenuHD/JWSlideMenuHD-Info.plist";
				PRODUCT_NAME = "$(TARGET_NAME)";
				TARGETED_DEVICE_FAMILY = 2;
				WRAPPER_EXTENSION = app;
			};
			name = Debug;
		};
		13EBC63E14730134000B74D1 /* Release */ = {
			isa = XCBuildConfiguration;
			buildSettings = {
				"CODE_SIGN_IDENTITY[sdk=iphoneos*]" = "iPhone Developer";
				GCC_PRECOMPILE_PREFIX_HEADER = YES;
				GCC_PREFIX_HEADER = "JWSlideMenuHD/JWSlideMenuHD-Prefix.pch";
				INFOPLIST_FILE = "JWSlideMenuHD/JWSlideMenuHD-Info.plist";
				PRODUCT_NAME = "$(TARGET_NAME)";
				TARGETED_DEVICE_FAMILY = 2;
				WRAPPER_EXTENSION = app;
			};
			name = Release;
		};
		13EBC64E14732734000B74D1 /* Debug */ = {
			isa = XCBuildConfiguration;
			buildSettings = {
				DSTROOT = /tmp/JWSlideMenuLib.dst;
				GCC_PRECOMPILE_PREFIX_HEADER = YES;
				GCC_PREFIX_HEADER = "JWSlideMenuLib/JWSlideMenuLib-Prefix.pch";
				OTHER_LDFLAGS = "-ObjC";
				PRODUCT_NAME = "$(TARGET_NAME)";
				SKIP_INSTALL = YES;
			};
			name = Debug;
		};
		13EBC64F14732734000B74D1 /* Release */ = {
			isa = XCBuildConfiguration;
			buildSettings = {
				DSTROOT = /tmp/JWSlideMenuLib.dst;
				GCC_PRECOMPILE_PREFIX_HEADER = YES;
				GCC_PREFIX_HEADER = "JWSlideMenuLib/JWSlideMenuLib-Prefix.pch";
				OTHER_LDFLAGS = "-ObjC";
				PRODUCT_NAME = "$(TARGET_NAME)";
				SKIP_INSTALL = YES;
			};
			name = Release;
		};
/* End XCBuildConfiguration section */

/* Begin XCConfigurationList section */
		13EBC5DE1472139A000B74D1 /* Build configuration list for PBXProject "JWSlideMenu" */ = {
			isa = XCConfigurationList;
			buildConfigurations = (
				13EBC5FA1472139A000B74D1 /* Debug */,
				13EBC5FB1472139A000B74D1 /* Release */,
			);
			defaultConfigurationIsVisible = 0;
			defaultConfigurationName = Release;
		};
		13EBC5FC1472139A000B74D1 /* Build configuration list for PBXNativeTarget "JWSlideMenu" */ = {
			isa = XCConfigurationList;
			buildConfigurations = (
				13EBC5FD1472139A000B74D1 /* Debug */,
				13EBC5FE1472139A000B74D1 /* Release */,
			);
			defaultConfigurationIsVisible = 0;
			defaultConfigurationName = Release;
		};
		13EBC63C14730134000B74D1 /* Build configuration list for PBXNativeTarget "JWSlideMenuHD" */ = {
			isa = XCConfigurationList;
			buildConfigurations = (
				13EBC63D14730134000B74D1 /* Debug */,
				13EBC63E14730134000B74D1 /* Release */,
			);
			defaultConfigurationIsVisible = 0;
			defaultConfigurationName = Release;
		};
		13EBC64D14732734000B74D1 /* Build configuration list for PBXNativeTarget "JWSlideMenuLib" */ = {
			isa = XCConfigurationList;
			buildConfigurations = (
				13EBC64E14732734000B74D1 /* Debug */,
				13EBC64F14732734000B74D1 /* Release */,
			);
			defaultConfigurationIsVisible = 0;
			defaultConfigurationName = Release;
		};
/* End XCConfigurationList section */
	};
	rootObject = 13EBC5DB1472139A000B74D1 /* Project object */;
}
